
Microsoft Visual Studio Solution File, Format Version 12.00
# Visual Studio Version 17
VisualStudioVersion = 17.9.34723.18
MinimumVisualStudioVersion = 10.0.40219.1
Project("{9A19103F-16F7-4668-BE54-9A1E7A4F7556}") = "ServiceManagement.WebAPI", "ServcieManagement.api\ServiceManagement.WebAPI.csproj", "{AC33D1D8-2B75-4E7B-B138-6801EA4895CF}"
EndProject
Project("{FAE04EC0-301F-11D3-BF4B-00C04F79EFBC}") = "ServiceManagement.Domain", "ServiceManagement.core\ServiceManagement.Domain.csproj", "{EE228246-37C1-4FF3-AEDF-5DFFCB8218D6}"
EndProject
Project("{FAE04EC0-301F-11D3-BF4B-00C04F79EFBC}") = "ServiceManagement.EFCore", "ServiceManagement.infrastructure\ServiceManagement.EFCore.csproj", "{829C172A-3102-4920-910B-3BD1BC526752}"
EndProject
Global
	GlobalSection(SolutionConfigurationPlatforms) = preSolution
		Debug|Any CPU = Debug|Any CPU
		Release|Any CPU = Release|Any CPU
	EndGlobalSection
	GlobalSection(ProjectConfigurationPlatforms) = postSolution
		{AC33D1D8-2B75-4E7B-B138-6801EA4895CF}.Debug|Any CPU.ActiveCfg = Debug|Any CPU
		{AC33D1D8-2B75-4E7B-B138-6801EA4895CF}.Debug|Any CPU.Build.0 = Debug|Any CPU
		{AC33D1D8-2B75-4E7B-B138-6801EA4895CF}.Release|Any CPU.ActiveCfg = Release|Any CPU
		{AC33D1D8-2B75-4E7B-B138-6801EA4895CF}.Release|Any CPU.Build.0 = Release|Any CPU
		{EE228246-37C1-4FF3-AEDF-5DFFCB8218D6}.Debug|Any CPU.ActiveCfg = Debug|Any CPU
		{EE228246-37C1-4FF3-AEDF-5DFFCB8218D6}.Debug|Any CPU.Build.0 = Debug|Any CPU
		{EE228246-37C1-4FF3-AEDF-5DFFCB8218D6}.Release|Any CPU.ActiveCfg = Release|Any CPU
		{EE228246-37C1-4FF3-AEDF-5DFFCB8218D6}.Release|Any CPU.Build.0 = Release|Any CPU
		{829C172A-3102-4920-910B-3BD1BC526752}.Debug|Any CPU.ActiveCfg = Debug|Any CPU
		{829C172A-3102-4920-910B-3BD1BC526752}.Debug|Any CPU.Build.0 = Debug|Any CPU
		{829C172A-3102-4920-910B-3BD1BC526752}.Release|Any CPU.ActiveCfg = Release|Any CPU
		{829C172A-3102-4920-910B-3BD1BC526752}.Release|Any CPU.Build.0 = Release|Any CPU
	EndGlobalSection
	GlobalSection(SolutionProperties) = preSolution
		HideSolutionNode = FALSE
	EndGlobalSection
	GlobalSection(ExtensibilityGlobals) = postSolution
		SolutionGuid = {E6C209B5-27F0-4CC1-944D-059FE7274774}
	EndGlobalSection
EndGlobal
